// !$*UTF8*$!
{
	archiveVersion = 1;
	classes = {
	};
	objectVersion = 50;
	objects = {

/* Begin PBXBuildFile section */
		E0657CA32371F8FE00620B42 /* AppDelegate.swift in Sources */ = {isa = PBXBuildFile; fileRef = E0657CA22371F8FE00620B42 /* AppDelegate.swift */; };
		E0657CA52371F8FE00620B42 /* SceneDelegate.swift in Sources */ = {isa = PBXBuildFile; fileRef = E0657CA42371F8FE00620B42 /* SceneDelegate.swift */; };
		E0657CA72371F8FE00620B42 /* VideoViewController.swift in Sources */ = {isa = PBXBuildFile; fileRef = E0657CA62371F8FE00620B42 /* VideoViewController.swift */; };
		E0657CAA2371F8FE00620B42 /* Main.storyboard in Resources */ = {isa = PBXBuildFile; fileRef = E0657CA82371F8FE00620B42 /* Main.storyboard */; };
		E0657CAC2371F90100620B42 /* Assets.xcassets in Resources */ = {isa = PBXBuildFile; fileRef = E0657CAB2371F90100620B42 /* Assets.xcassets */; };
		E0657CAF2371F90100620B42 /* LaunchScreen.storyboard in Resources */ = {isa = PBXBuildFile; fileRef = E0657CAD2371F90100620B42 /* LaunchScreen.storyboard */; };
		E0657CBA2371FD2300620B42 /* Motivational.mp3 in Resources */ = {isa = PBXBuildFile; fileRef = E0657CB92371FD2300620B42 /* Motivational.mp3 */; };
		E0657CBE2371FDF400620B42 /* Toronto.mp4 in Resources */ = {isa = PBXBuildFile; fileRef = E0657CBD2371FDF400620B42 /* Toronto.mp4 */; };
		E0657CC02371FE4100620B42 /* AudioViewController.swift in Sources */ = {isa = PBXBuildFile; fileRef = E0657CBF2371FE4100620B42 /* AudioViewController.swift */; };
		E0DEB578237351A600757AF5 /* NewAudioViewController.swift in Sources */ = {isa = PBXBuildFile; fileRef = E0DEB577237351A600757AF5 /* NewAudioViewController.swift */; };
/* End PBXBuildFile section */

/* Begin PBXFileReference section */
		E0657C9F2371F8FE00620B42 /* IosPlayAudioVideo.app */ = {isa = PBXFileReference; explicitFileType = wrapper.application; includeInIndex = 0; path = IosPlayAudioVideo.app; sourceTree = BUILT_PRODUCTS_DIR; };
		E0657CA22371F8FE00620B42 /* AppDelegate.swift */ = {isa = PBXFileReference; lastKnownFileType = sourcecode.swift; path = AppDelegate.swift; sourceTree = "<group>"; };
		E0657CA42371F8FE00620B42 /* SceneDelegate.swift */ = {isa = PBXFileReference; lastKnownFileType = sourcecode.swift; path = SceneDelegate.swift; sourceTree = "<group>"; };
		E0657CA62371F8FE00620B42 /* VideoViewController.swift */ = {isa = PBXFileReference; lastKnownFileType = sourcecode.swift; path = VideoViewController.swift; sourceTree = "<group>"; };
		E0657CA92371F8FE00620B42 /* Base */ = {isa = PBXFileReference; lastKnownFileType = file.storyboard; name = Base; path = Base.lproj/Main.storyboard; sourceTree = "<group>"; };
		E0657CAB2371F90100620B42 /* Assets.xcassets */ = {isa = PBXFileReference; lastKnownFileType = folder.assetcatalog; path = Assets.xcassets; sourceTree = "<group>"; };
		E0657CAE2371F90100620B42 /* Base */ = {isa = PBXFileReference; lastKnownFileType = file.storyboard; name = Base; path = Base.lproj/LaunchScreen.storyboard; sourceTree = "<group>"; };
		E0657CB02371F90100620B42 /* Info.plist */ = {isa = PBXFileReference; lastKnownFileType = text.plist.xml; path = Info.plist; sourceTree = "<group>"; };
		E0657CB92371FD2300620B42 /* Motivational.mp3 */ = {isa = PBXFileReference; lastKnownFileType = audio.mp3; name = Motivational.mp3; path = ../Motivational.mp3; sourceTree = "<group>"; };
		E0657CBD2371FDF400620B42 /* Toronto.mp4 */ = {isa = PBXFileReference; lastKnownFileType = file; name = Toronto.mp4; path = ../../../../../../Downloads/iOSPlayVideoExample/iOSPlayVideoExample/Videos/Toronto.mp4; sourceTree = "<group>"; };
		E0657CBF2371FE4100620B42 /* AudioViewController.swift */ = {isa = PBXFileReference; lastKnownFileType = sourcecode.swift; path = AudioViewController.swift; sourceTree = "<group>"; };
		E0DEB577237351A600757AF5 /* NewAudioViewController.swift */ = {isa = PBXFileReference; lastKnownFileType = sourcecode.swift; path = NewAudioViewController.swift; sourceTree = "<group>"; };
/* End PBXFileReference section */

/* Begin PBXFrameworksBuildPhase section */
		E0657C9C2371F8FE00620B42 /* Frameworks */ = {
			isa = PBXFrameworksBuildPhase;
			buildActionMask = 2147483647;
			files = (
			);
			runOnlyForDeploymentPostprocessing = 0;
		};
/* End PBXFrameworksBuildPhase section */

/* Begin PBXGroup section */
		E0657C962371F8FE00620B42 = {
			isa = PBXGroup;
			children = (
				E0657CA12371F8FE00620B42 /* IosPlayAudioVideo */,
				E0657CA02371F8FE00620B42 /* Products */,
			);
			sourceTree = "<group>";
		};
		E0657CA02371F8FE00620B42 /* Products */ = {
			isa = PBXGroup;
			children = (
				E0657C9F2371F8FE00620B42 /* IosPlayAudioVideo.app */,
			);
			name = Products;
			sourceTree = "<group>";
		};
		E0657CA12371F8FE00620B42 /* IosPlayAudioVideo */ = {
			isa = PBXGroup;
			children = (
				E0657CB72371FA1D00620B42 /* AudioVideo */,
				E0657CA22371F8FE00620B42 /* AppDelegate.swift */,
				E0657CA42371F8FE00620B42 /* SceneDelegate.swift */,
				E0657CA62371F8FE00620B42 /* VideoViewController.swift */,
				E0DEB577237351A600757AF5 /* NewAudioViewController.swift */,
				E0657CA82371F8FE00620B42 /* Main.storyboard */,
				E0657CAB2371F90100620B42 /* Assets.xcassets */,
				E0657CAD2371F90100620B42 /* LaunchScreen.storyboard */,
				E0657CB02371F90100620B42 /* Info.plist */,
				E0657CBF2371FE4100620B42 /* AudioViewController.swift */,
			);
			path = IosPlayAudioVideo;
			sourceTree = "<group>";
		};
		E0657CB72371FA1D00620B42 /* AudioVideo */ = {
			isa = PBXGroup;
			children = (
				E0657CBD2371FDF400620B42 /* Toronto.mp4 */,
				E0657CB92371FD2300620B42 /* Motivational.mp3 */,
			);
			path = AudioVideo;
			sourceTree = "<group>";
		};
/* End PBXGroup section */

/* Begin PBXNativeTarget section */
		E0657C9E2371F8FE00620B42 /* IosPlayAudioVideo */ = {
			isa = PBXNativeTarget;
			buildConfigurationList = E0657CB32371F90100620B42 /* Build configuration list for PBXNativeTarget "IosPlayAudioVideo" */;
			buildPhases = (
				E0657C9B2371F8FE00620B42 /* Sources */,
				E0657C9C2371F8FE00620B42 /* Frameworks */,
				E0657C9D2371F8FE00620B42 /* Resources */,
			);
			buildRules = (
			);
			dependencies = (
			);
			name = IosPlayAudioVideo;
			productName = IosPlayAudioVideo;
			productReference = E0657C9F2371F8FE00620B42 /* IosPlayAudioVideo.app */;
			productType = "com.apple.product-type.application";
		};
/* End PBXNativeTarget section */

/* Begin PBXProject section */
		E0657C972371F8FE00620B42 /* Project object */ = {
			isa = PBXProject;
			attributes = {
				LastSwiftUpdateCheck = 1120;
				LastUpgradeCheck = 1120;
				ORGANIZATIONNAME = "Ankita Jain";
				TargetAttributes = {
					E0657C9E2371F8FE00620B42 = {
						CreatedOnToolsVersion = 11.2;
					};
				};
			};
			buildConfigurationList = E0657C9A2371F8FE00620B42 /* Build configuration list for PBXProject "IosPlayAudioVideo" */;
			compatibilityVersion = "Xcode 9.3";
			developmentRegion = en;
			hasScannedForEncodings = 0;
			knownRegions = (
				en,
				Base,
			);
			mainGroup = E0657C962371F8FE00620B42;
			productRefGroup = E0657CA02371F8FE00620B42 /* Products */;
			projectDirPath = "";
			projectRoot = "";
			targets = (
				E0657C9E2371F8FE00620B42 /* IosPlayAudioVideo */,
			);
		};
/* End PBXProject section */

/* Begin PBXResourcesBuildPhase section */
		E0657C9D2371F8FE00620B42 /* Resources */ = {
			isa = PBXResourcesBuildPhase;
			buildActionMask = 2147483647;
			files = (
				E0657CAF2371F90100620B42 /* LaunchScreen.storyboard in Resources */,
				E0657CBE2371FDF400620B42 /* Toronto.mp4 in Resources */,
				E0657CBA2371FD2300620B42 /* Motivational.mp3 in Resources */,
				E0657CAC2371F90100620B42 /* Assets.xcassets in Resources */,
				E0657CAA2371F8FE00620B42 /* Main.storyboard in Resources */,
			);
			runOnlyForDeploymentPostprocessing = 0;
		};
/* End PBXResourcesBuildPhase section */

/* Begin PBXSourcesBuildPhase section */
		E0657C9B2371F8FE00620B42 /* Sources */ = {
			isa = PBXSourcesBuildPhase;
			buildActionMask = 2147483647;
			files = (
				E0657CA72371F8FE00620B42 /* VideoViewController.swift in Sources */,
				E0657CC02371FE4100620B42 /* AudioViewController.swift in Sources */,
				E0DEB578237351A600757AF5 /* NewAudioViewController.swift in Sources */,
				E0657CA32371F8FE00620B42 /* AppDelegate.swift in Sources */,
				E0657CA52371F8FE00620B42 /* SceneDelegate.swift in Sources */,
			);
			runOnlyForDeploymentPostprocessing = 0;
		};
/* End PBXSourcesBuildPhase section */

/* Begin PBXVariantGroup section */
		E0657CA82371F8FE00620B42 /* Main.storyboard */ = {
			isa = PBXVariantGroup;
			children = (
				E0657CA92371F8FE00620B42 /* Base */,
			);
			name = Main.storyboard;
			sourceTree = "<group>";
		};
		E0657CAD2371F90100620B42 /* LaunchScreen.storyboard */ = {
			isa = PBXVariantGroup;
			children = (
				E0657CAE2371F90100620B42 /* Base */,
			);
			name = LaunchScreen.storyboard;
			sourceTree = "<group>";
		};
/* End PBXVariantGroup section */

/* Begin XCBuildConfiguration section */
		E0657CB12371F90100620B42 /* Debug */ = {
			isa = XCBuildConfiguration;
			buildSettings = {
				ALWAYS_SEARCH_USER_PATHS = NO;
				CLANG_ANALYZER_NONNULL = YES;
				CLANG_ANALYZER_NUMBER_OBJECT_CONVERSION = YES_AGGRESSIVE;
				CLANG_CXX_LANGUAGE_STANDARD = "gnu++14";
				CLANG_CXX_LIBRARY = "libc++";
				CLANG_ENABLE_MODULES = YES;
				CLANG_ENABLE_OBJC_ARC = YES;
				CLANG_ENABLE_OBJC_WEAK = YES;
				CLANG_WARN_BLOCK_CAPTURE_AUTORELEASING = YES;
				CLANG_WARN_BOOL_CONVERSION = YES;
				CLANG_WARN_COMMA = YES;
				CLANG_WARN_CONSTANT_CONVERSION = YES;
				CLANG_WARN_DEPRECATED_OBJC_IMPLEMENTATIONS = YES;
				CLANG_WARN_DIRECT_OBJC_ISA_USAGE = YES_ERROR;
				CLANG_WARN_DOCUMENTATION_COMMENTS = YES;
				CLANG_WARN_EMPTY_BODY = YES;
				CLANG_WARN_ENUM_CONVERSION = YES;
				CLANG_WARN_INFINITE_RECURSION = YES;
				CLANG_WARN_INT_CONVERSION = YES;
				CLANG_WARN_NON_LITERAL_NULL_CONVERSION = YES;
				CLANG_WARN_OBJC_IMPLICIT_RETAIN_SELF = YES;
				CLANG_WARN_OBJC_LITERAL_CONVERSION = YES;
				CLANG_WARN_OBJC_ROOT_CLASS = YES_ERROR;
				CLANG_WARN_RANGE_LOOP_ANALYSIS = YES;
				CLANG_WARN_STRICT_PROTOTYPES = YES;
				CLANG_WARN_SUSPICIOUS_MOVE = YES;
				CLANG_WARN_UNGUARDED_AVAILABILITY = YES_AGGRESSIVE;
				CLANG_WARN_UNREACHABLE_CODE = YES;
				CLANG_WARN__DUPLICATE_METHOD_MATCH = YES;
				COPY_PHASE_STRIP = NO;
				DEBUG_INFORMATION_FORMAT = dwarf;
				ENABLE_STRICT_OBJC_MSGSEND = YES;
				ENABLE_TESTABILITY = YES;
				GCC_C_LANGUAGE_STANDARD = gnu11;
				GCC_DYNAMIC_NO_PIC = NO;
				GCC_NO_COMMON_BLOCKS = YES;
				GCC_OPTIMIZATION_LEVEL = 0;
				GCC_PREPROCESSOR_DEFINITIONS = (
					"DEBUG=1",
					"$(inherited)",
				);
				GCC_WARN_64_TO_32_BIT_CONVERSION = YES;
				GCC_WARN_ABOUT_RETURN_TYPE = YES_ERROR;
				GCC_WARN_UNDECLARED_SELECTOR = YES;
				GCC_WARN_UNINITIALIZED_AUTOS = YES_AGGRESSIVE;
				GCC_WARN_UNUSED_FUNCTION = YES;
				GCC_WARN_UNUSED_VARIABLE = YES;
				IPHONEOS_DEPLOYMENT_TARGET = 13.2;
				MTL_ENABLE_DEBUG_INFO = INCLUDE_SOURCE;
				MTL_FAST_MATH = YES;
				ONLY_ACTIVE_ARCH = YES;
				SDKROOT = iphoneos;
				SWIFT_ACTIVE_COMPILATION_CONDITIONS = DEBUG;
				SWIFT_OPTIMIZATION_LEVEL = "-Onone";
			};
			name = Debug;
		};
		E0657CB22371F90100620B42 /* Release */ = {
			isa = XCBuildConfiguration;
			buildSettings = {
				ALWAYS_SEARCH_USER_PATHS = NO;
				CLANG_ANALYZER_NONNULL = YES;
				CLANG_ANALYZER_NUMBER_OBJECT_CONVERSION = YES_AGGRESSIVE;
				CLANG_CXX_LANGUAGE_STANDARD = "gnu++14";
				CLANG_CXX_LIBRARY = "libc++";
				CLANG_ENABLE_MODULES = YES;
				CLANG_ENABLE_OBJC_ARC = YES;
				CLANG_ENABLE_OBJC_WEAK = YES;
				CLANG_WARN_BLOCK_CAPTURE_AUTORELEASING = YES;
				CLANG_WARN_BOOL_CONVERSION = YES;
				CLANG_WARN_COMMA = YES;
				CLANG_WARN_CONSTANT_CONVERSION = YES;
				CLANG_WARN_DEPRECATED_OBJC_IMPLEMENTATIONS = YES;
				CLANG_WARN_DIRECT_OBJC_ISA_USAGE = YES_ERROR;
				CLANG_WARN_DOCUMENTATION_COMMENTS = YES;
				CLANG_WARN_EMPTY_BODY = YES;
				CLANG_WARN_ENUM_CONVERSION = YES;
				CLANG_WARN_INFINITE_RECURSION = YES;
				CLANG_WARN_INT_CONVERSION = YES;
				CLANG_WARN_NON_LITERAL_NULL_CONVERSION = YES;
				CLANG_WARN_OBJC_IMPLICIT_RETAIN_SELF = YES;
				CLANG_WARN_OBJC_LITERAL_CONVERSION = YES;
				CLANG_WARN_OBJC_ROOT_CLASS = YES_ERROR;
				CLANG_WARN_RANGE_LOOP_ANALYSIS = YES;
				CLANG_WARN_STRICT_PROTOTYPES = YES;
				CLANG_WARN_SUSPICIOUS_MOVE = YES;
				CLANG_WARN_UNGUARDED_AVAILABILITY = YES_AGGRESSIVE;
				CLANG_WARN_UNREACHABLE_CODE = YES;
				CLANG_WARN__DUPLICATE_METHOD_MATCH = YES;
				COPY_PHASE_STRIP = NO;
				DEBUG_INFORMATION_FORMAT = "dwarf-with-dsym";
				ENABLE_NS_ASSERTIONS = NO;
				ENABLE_STRICT_OBJC_MSGSEND = YES;
				GCC_C_LANGUAGE_STANDARD = gnu11;
				GCC_NO_COMMON_BLOCKS = YES;
				GCC_WARN_64_TO_32_BIT_CONVERSION = YES;
				GCC_WARN_ABOUT_RETURN_TYPE = YES_ERROR;
				GCC_WARN_UNDECLARED_SELECTOR = YES;
				GCC_WARN_UNINITIALIZED_AUTOS = YES_AGGRESSIVE;
				GCC_WARN_UNUSED_FUNCTION = YES;
				GCC_WARN_UNUSED_VARIABLE = YES;
				IPHONEOS_DEPLOYMENT_TARGET = 13.2;
				MTL_ENABLE_DEBUG_INFO = NO;
				MTL_FAST_MATH = YES;
				SDKROOT = iphoneos;
				SWIFT_COMPILATION_MODE = wholemodule;
				SWIFT_OPTIMIZATION_LEVEL = "-O";
				VALIDATE_PRODUCT = YES;
			};
			name = Release;
		};
		E0657CB42371F90100620B42 /* Debug */ = {
			isa = XCBuildConfiguration;
			buildSettings = {
				ASSETCATALOG_COMPILER_APPICON_NAME = AppIcon;
				CODE_SIGN_STYLE = Automatic;
				INFOPLIST_FILE = IosPlayAudioVideo/Info.plist;
				LD_RUNPATH_SEARCH_PATHS = (
					"$(inherited)",
					"@executable_path/Frameworks",
				);
				PRODUCT_BUNDLE_IDENTIFIER = com.ankita.IosPlayAudioVideo;
				PRODUCT_NAME = "$(TARGET_NAME)";
				SWIFT_VERSION = 5.0;
				TARGETED_DEVICE_FAMILY = "1,2";
			};
			name = Debug;
		};
		E0657CB52371F90100620B42 /* Release */ = {
			isa = XCBuildConfiguration;
			buildSettings = {
				ASSETCATALOG_COMPILER_APPICON_NAME = AppIcon;
				CODE_SIGN_STYLE = Automatic;
				INFOPLIST_FILE = IosPlayAudioVideo/Info.plist;
				LD_RUNPATH_SEARCH_PATHS = (
					"$(inherited)",
					"@executable_path/Frameworks",
				);
				PRODUCT_BUNDLE_IDENTIFIER = com.ankita.IosPlayAudioVideo;
				PRODUCT_NAME = "$(TARGET_NAME)";
				SWIFT_VERSION = 5.0;
				TARGETED_DEVICE_FAMILY = "1,2";
			};
			name = Release;
		};
/* End XCBuildConfiguration section */

/* Begin XCConfigurationList section */
		E0657C9A2371F8FE00620B42 /* Build configuration list for PBXProject "IosPlayAudioVideo" */ = {
			isa = XCConfigurationList;
			buildConfigurations = (
				E0657CB12371F90100620B42 /* Debug */,
				E0657CB22371F90100620B42 /* Release */,
			);
			defaultConfigurationIsVisible = 0;
			defaultConfigurationName = Release;
		};
		E0657CB32371F90100620B42 /* Build configuration list for PBXNativeTarget "IosPlayAudioVideo" */ = {
			isa = XCConfigurationList;
			buildConfigurations = (
				E0657CB42371F90100620B42 /* Debug */,
				E0657CB52371F90100620B42 /* Release */,
			);
			defaultConfigurationIsVisible = 0;
			defaultConfigurationName = Release;
		};
/* End XCConfigurationList section */
	};
	rootObject = E0657C972371F8FE00620B42 /* Project object */;
}
